
Microsoft Visual Studio Solution File, Format Version 12.00
Project("{FAE04EC0-301F-11D3-BF4B-00C04F79EFBC}") = "LibraryManagementAPI", "LibraryManagementAPI\LibraryManagementAPI.csproj", "{5638A355-A5AA-46EE-8EF2-828A9CCE5FB0}"
EndProject
Global
	GlobalSection(SolutionConfigurationPlatforms) = preSolution
		Debug|Any CPU = Debug|Any CPU
		Release|Any CPU = Release|Any CPU
	EndGlobalSection
	GlobalSection(ProjectConfigurationPlatforms) = postSolution
		{5638A355-A5AA-46EE-8EF2-828A9CCE5FB0}.Debug|Any CPU.ActiveCfg = Debug|Any CPU
		{5638A355-A5AA-46EE-8EF2-828A9CCE5FB0}.Debug|Any CPU.Build.0 = Debug|Any CPU
		{5638A355-A5AA-46EE-8EF2-828A9CCE5FB0}.Release|Any CPU.ActiveCfg = Release|Any CPU
		{5638A355-A5AA-46EE-8EF2-828A9CCE5FB0}.Release|Any CPU.Build.0 = Release|Any CPU
	EndGlobalSection
EndGlobal
